
Microsoft Visual Studio Solution File, Format Version 12.00
# Visual Studio Version 17
VisualStudioVersion = 17.6.33723.286
MinimumVisualStudioVersion = 10.0.40219.1
Project("{FAE04EC0-301F-11D3-BF4B-00C04F79EFBC}") = "c#01.06class", "c#01.06class\c#01.06class.csproj", "{66FE6196-A676-4B65-AB67-FF9E4DDEF9C0}"
EndProject
Global
	GlobalSection(SolutionConfigurationPlatforms) = preSolution
		Debug|Any CPU = Debug|Any CPU
		Release|Any CPU = Release|Any CPU
	EndGlobalSection
	GlobalSection(ProjectConfigurationPlatforms) = postSolution
		{66FE6196-A676-4B65-AB67-FF9E4DDEF9C0}.Debug|Any CPU.ActiveCfg = Debug|Any CPU
		{66FE6196-A676-4B65-AB67-FF9E4DDEF9C0}.Debug|Any CPU.Build.0 = Debug|Any CPU
		{66FE6196-A676-4B65-AB67-FF9E4DDEF9C0}.Release|Any CPU.ActiveCfg = Release|Any CPU
		{66FE6196-A676-4B65-AB67-FF9E4DDEF9C0}.Release|Any CPU.Build.0 = Release|Any CPU
	EndGlobalSection
	GlobalSection(SolutionProperties) = preSolution
		HideSolutionNode = FALSE
	EndGlobalSection
	GlobalSection(ExtensibilityGlobals) = postSolution
		SolutionGuid = {467F8B6B-1FDB-4CE3-97DF-4EB8D180D99D}
	EndGlobalSection
EndGlobal
